
Microsoft Visual Studio Solution File, Format Version 12.00
# Visual Studio Version 17
VisualStudioVersion = 17.4.33213.308
MinimumVisualStudioVersion = 10.0.40219.1
Project("{9A19103F-16F7-4668-BE54-9A1E7A4F7556}") = "WixSetup", "WixSetup\WixSetup.csproj", "{9E38CCFA-4687-4993-BD7F-9C332EAA3AEB}"
EndProject
Project("{9A19103F-16F7-4668-BE54-9A1E7A4F7556}") = "WixSetup.Core", "WixSetup.Core\WixSetup.Core.csproj", "{AE36BBC3-2BA9-4ECC-8BBA-A70342303511}"
EndProject
Project("{B7DD6F7E-DEF8-4E67-B5B7-07EF123DB6F0}") = "WixSetup.Package", "WixSetup.Package\WixSetup.Package.wixproj", "{0EE3782C-45EF-403A-B282-54537A6E835B}"
EndProject
Global
	GlobalSection(SolutionConfigurationPlatforms) = preSolution
		Debug|Any CPU = Debug|Any CPU
		Debug|arm64 = Debug|arm64
		Debug|x64 = Debug|x64
		Debug|x86 = Debug|x86
		Release|Any CPU = Release|Any CPU
		Release|arm64 = Release|arm64
		Release|x64 = Release|x64
		Release|x86 = Release|x86
	EndGlobalSection
	GlobalSection(ProjectConfigurationPlatforms) = postSolution
		{9E38CCFA-4687-4993-BD7F-9C332EAA3AEB}.Debug|Any CPU.ActiveCfg = Debug|x64
		{9E38CCFA-4687-4993-BD7F-9C332EAA3AEB}.Debug|Any CPU.Build.0 = Debug|x64
		{9E38CCFA-4687-4993-BD7F-9C332EAA3AEB}.Debug|Any CPU.Deploy.0 = Debug|x64
		{9E38CCFA-4687-4993-BD7F-9C332EAA3AEB}.Debug|arm64.ActiveCfg = Debug|arm64
		{9E38CCFA-4687-4993-BD7F-9C332EAA3AEB}.Debug|arm64.Build.0 = Debug|arm64
		{9E38CCFA-4687-4993-BD7F-9C332EAA3AEB}.Debug|arm64.Deploy.0 = Debug|arm64
		{9E38CCFA-4687-4993-BD7F-9C332EAA3AEB}.Debug|x64.ActiveCfg = Debug|x64
		{9E38CCFA-4687-4993-BD7F-9C332EAA3AEB}.Debug|x64.Build.0 = Debug|x64
		{9E38CCFA-4687-4993-BD7F-9C332EAA3AEB}.Debug|x64.Deploy.0 = Debug|x64
		{9E38CCFA-4687-4993-BD7F-9C332EAA3AEB}.Debug|x86.ActiveCfg = Debug|x86
		{9E38CCFA-4687-4993-BD7F-9C332EAA3AEB}.Debug|x86.Build.0 = Debug|x86
		{9E38CCFA-4687-4993-BD7F-9C332EAA3AEB}.Debug|x86.Deploy.0 = Debug|x86
		{9E38CCFA-4687-4993-BD7F-9C332EAA3AEB}.Release|Any CPU.ActiveCfg = Release|x64
		{9E38CCFA-4687-4993-BD7F-9C332EAA3AEB}.Release|Any CPU.Build.0 = Release|x64
		{9E38CCFA-4687-4993-BD7F-9C332EAA3AEB}.Release|Any CPU.Deploy.0 = Release|x64
		{9E38CCFA-4687-4993-BD7F-9C332EAA3AEB}.Release|arm64.ActiveCfg = Release|arm64
		{9E38CCFA-4687-4993-BD7F-9C332EAA3AEB}.Release|arm64.Build.0 = Release|arm64
		{9E38CCFA-4687-4993-BD7F-9C332EAA3AEB}.Release|arm64.Deploy.0 = Release|arm64
		{9E38CCFA-4687-4993-BD7F-9C332EAA3AEB}.Release|x64.ActiveCfg = Release|x64
		{9E38CCFA-4687-4993-BD7F-9C332EAA3AEB}.Release|x64.Build.0 = Release|x64
		{9E38CCFA-4687-4993-BD7F-9C332EAA3AEB}.Release|x64.Deploy.0 = Release|x64
		{9E38CCFA-4687-4993-BD7F-9C332EAA3AEB}.Release|x86.ActiveCfg = Release|x86
		{9E38CCFA-4687-4993-BD7F-9C332EAA3AEB}.Release|x86.Build.0 = Release|x86
		{9E38CCFA-4687-4993-BD7F-9C332EAA3AEB}.Release|x86.Deploy.0 = Release|x86
		{AE36BBC3-2BA9-4ECC-8BBA-A70342303511}.Debug|Any CPU.ActiveCfg = Debug|Any CPU
		{AE36BBC3-2BA9-4ECC-8BBA-A70342303511}.Debug|Any CPU.Build.0 = Debug|Any CPU
		{AE36BBC3-2BA9-4ECC-8BBA-A70342303511}.Debug|arm64.ActiveCfg = Debug|arm64
		{AE36BBC3-2BA9-4ECC-8BBA-A70342303511}.Debug|arm64.Build.0 = Debug|arm64
		{AE36BBC3-2BA9-4ECC-8BBA-A70342303511}.Debug|x64.ActiveCfg = Debug|x64
		{AE36BBC3-2BA9-4ECC-8BBA-A70342303511}.Debug|x64.Build.0 = Debug|x64
		{AE36BBC3-2BA9-4ECC-8BBA-A70342303511}.Debug|x86.ActiveCfg = Debug|x86
		{AE36BBC3-2BA9-4ECC-8BBA-A70342303511}.Debug|x86.Build.0 = Debug|x86
		{AE36BBC3-2BA9-4ECC-8BBA-A70342303511}.Release|Any CPU.ActiveCfg = Release|Any CPU
		{AE36BBC3-2BA9-4ECC-8BBA-A70342303511}.Release|Any CPU.Build.0 = Release|Any CPU
		{AE36BBC3-2BA9-4ECC-8BBA-A70342303511}.Release|arm64.ActiveCfg = Release|arm64
		{AE36BBC3-2BA9-4ECC-8BBA-A70342303511}.Release|arm64.Build.0 = Release|arm64
		{AE36BBC3-2BA9-4ECC-8BBA-A70342303511}.Release|x64.ActiveCfg = Release|x64
		{AE36BBC3-2BA9-4ECC-8BBA-A70342303511}.Release|x64.Build.0 = Release|x64
		{AE36BBC3-2BA9-4ECC-8BBA-A70342303511}.Release|x86.ActiveCfg = Release|x86
		{AE36BBC3-2BA9-4ECC-8BBA-A70342303511}.Release|x86.Build.0 = Release|x86
		{0EE3782C-45EF-403A-B282-54537A6E835B}.Debug|Any CPU.ActiveCfg = Debug|x64
		{0EE3782C-45EF-403A-B282-54537A6E835B}.Debug|Any CPU.Build.0 = Debug|x64
		{0EE3782C-45EF-403A-B282-54537A6E835B}.Debug|arm64.ActiveCfg = Debug|ARM64
		{0EE3782C-45EF-403A-B282-54537A6E835B}.Debug|arm64.Build.0 = Debug|ARM64
		{0EE3782C-45EF-403A-B282-54537A6E835B}.Debug|x64.ActiveCfg = Debug|x64
		{0EE3782C-45EF-403A-B282-54537A6E835B}.Debug|x64.Build.0 = Debug|x64
		{0EE3782C-45EF-403A-B282-54537A6E835B}.Debug|x86.ActiveCfg = Debug|x86
		{0EE3782C-45EF-403A-B282-54537A6E835B}.Debug|x86.Build.0 = Debug|x86
		{0EE3782C-45EF-403A-B282-54537A6E835B}.Release|Any CPU.ActiveCfg = Release|x64
		{0EE3782C-45EF-403A-B282-54537A6E835B}.Release|Any CPU.Build.0 = Release|x64
		{0EE3782C-45EF-403A-B282-54537A6E835B}.Release|arm64.ActiveCfg = Release|ARM64
		{0EE3782C-45EF-403A-B282-54537A6E835B}.Release|arm64.Build.0 = Release|ARM64
		{0EE3782C-45EF-403A-B282-54537A6E835B}.Release|x64.ActiveCfg = Release|x64
		{0EE3782C-45EF-403A-B282-54537A6E835B}.Release|x64.Build.0 = Release|x64
		{0EE3782C-45EF-403A-B282-54537A6E835B}.Release|x86.ActiveCfg = Release|x86
		{0EE3782C-45EF-403A-B282-54537A6E835B}.Release|x86.Build.0 = Release|x86
	EndGlobalSection
	GlobalSection(SolutionProperties) = preSolution
		HideSolutionNode = FALSE
	EndGlobalSection
	GlobalSection(ExtensibilityGlobals) = postSolution
		SolutionGuid = {EE5D2B5F-1FFC-48E8-ADD9-1CFD1686E906}
	EndGlobalSection
EndGlobal
